
Microsoft Visual Studio Solution File, Format Version 12.00
# Visual Studio 15
VisualStudioVersion = 15.0.26403.7
MinimumVisualStudioVersion = 10.0.40219.1
Project("{D954291E-2A0B-460D-934E-DC6B0785DB48}") = "weatherxamarin", "weatherxamarin\weatherxamarin\weatherxamarin.shproj", "{6FF656A3-50D9-4FD6-AEBA-7927DDB4C4B7}"
EndProject
Project("{FAE04EC0-301F-11D3-BF4B-00C04F79EFBC}") = "weatherxamarin.Android", "weatherxamarin\weatherxamarin.Android\weatherxamarin.Android.csproj", "{B6A204F0-6722-48BB-B046-113282F2B789}"
EndProject
Project("{FAE04EC0-301F-11D3-BF4B-00C04F79EFBC}") = "weatherxamarin.iOS", "weatherxamarin\weatherxamarin.iOS\weatherxamarin.iOS.csproj", "{58C10565-6738-4801-B4EB-7109452A48E7}"
EndProject
Project("{FAE04EC0-301F-11D3-BF4B-00C04F79EFBC}") = "weatherxamarin.UWP", "weatherxamarin\weatherxamarin.UWP\weatherxamarin.UWP.csproj", "{C223D118-628D-4A3D-B5B9-008238F7BED8}"
EndProject
Global
	GlobalSection(SharedMSBuildProjectFiles) = preSolution
		weatherxamarin\weatherxamarin\weatherxamarin.projitems*{58c10565-6738-4801-b4eb-7109452a48e7}*SharedItemsImports = 4
		weatherxamarin\weatherxamarin\weatherxamarin.projitems*{6ff656a3-50d9-4fd6-aeba-7927ddb4c4b7}*SharedItemsImports = 13
		weatherxamarin\weatherxamarin\weatherxamarin.projitems*{b6a204f0-6722-48bb-b046-113282f2b789}*SharedItemsImports = 4
		weatherxamarin\weatherxamarin\weatherxamarin.projitems*{c223d118-628d-4a3d-b5b9-008238f7bed8}*SharedItemsImports = 4
	EndGlobalSection
	GlobalSection(SolutionConfigurationPlatforms) = preSolution
		Ad-Hoc|Any CPU = Ad-Hoc|Any CPU
		Ad-Hoc|ARM = Ad-Hoc|ARM
		Ad-Hoc|iPhone = Ad-Hoc|iPhone
		Ad-Hoc|iPhoneSimulator = Ad-Hoc|iPhoneSimulator
		Ad-Hoc|x64 = Ad-Hoc|x64
		Ad-Hoc|x86 = Ad-Hoc|x86
		AppStore|Any CPU = AppStore|Any CPU
		AppStore|ARM = AppStore|ARM
		AppStore|iPhone = AppStore|iPhone
		AppStore|iPhoneSimulator = AppStore|iPhoneSimulator
		AppStore|x64 = AppStore|x64
		AppStore|x86 = AppStore|x86
		Debug|Any CPU = Debug|Any CPU
		Debug|ARM = Debug|ARM
		Debug|iPhone = Debug|iPhone
		Debug|iPhoneSimulator = Debug|iPhoneSimulator
		Debug|x64 = Debug|x64
		Debug|x86 = Debug|x86
		Release|Any CPU = Release|Any CPU
		Release|ARM = Release|ARM
		Release|iPhone = Release|iPhone
		Release|iPhoneSimulator = Release|iPhoneSimulator
		Release|x64 = Release|x64
		Release|x86 = Release|x86
	EndGlobalSection
	GlobalSection(ProjectConfigurationPlatforms) = postSolution
		{B6A204F0-6722-48BB-B046-113282F2B789}.Ad-Hoc|Any CPU.ActiveCfg = Release|Any CPU
		{B6A204F0-6722-48BB-B046-113282F2B789}.Ad-Hoc|Any CPU.Build.0 = Release|Any CPU
		{B6A204F0-6722-48BB-B046-113282F2B789}.Ad-Hoc|Any CPU.Deploy.0 = Release|Any CPU
		{B6A204F0-6722-48BB-B046-113282F2B789}.Ad-Hoc|ARM.ActiveCfg = Release|Any CPU
		{B6A204F0-6722-48BB-B046-113282F2B789}.Ad-Hoc|ARM.Build.0 = Release|Any CPU
		{B6A204F0-6722-48BB-B046-113282F2B789}.Ad-Hoc|ARM.Deploy.0 = Release|Any CPU
		{B6A204F0-6722-48BB-B046-113282F2B789}.Ad-Hoc|iPhone.ActiveCfg = Release|Any CPU
		{B6A204F0-6722-48BB-B046-113282F2B789}.Ad-Hoc|iPhone.Build.0 = Release|Any CPU
		{B6A204F0-6722-48BB-B046-113282F2B789}.Ad-Hoc|iPhone.Deploy.0 = Release|Any CPU
		{B6A204F0-6722-48BB-B046-113282F2B789}.Ad-Hoc|iPhoneSimulator.ActiveCfg = Release|Any CPU
		{B6A204F0-6722-48BB-B046-113282F2B789}.Ad-Hoc|iPhoneSimulator.Build.0 = Release|Any CPU
		{B6A204F0-6722-48BB-B046-113282F2B789}.Ad-Hoc|iPhoneSimulator.Deploy.0 = Release|Any CPU
		{B6A204F0-6722-48BB-B046-113282F2B789}.Ad-Hoc|x64.ActiveCfg = Release|Any CPU
		{B6A204F0-6722-48BB-B046-113282F2B789}.Ad-Hoc|x64.Build.0 = Release|Any CPU
		{B6A204F0-6722-48BB-B046-113282F2B789}.Ad-Hoc|x64.Deploy.0 = Release|Any CPU
		{B6A204F0-6722-48BB-B046-113282F2B789}.Ad-Hoc|x86.ActiveCfg = Release|Any CPU
		{B6A204F0-6722-48BB-B046-113282F2B789}.Ad-Hoc|x86.Build.0 = Release|Any CPU
		{B6A204F0-6722-48BB-B046-113282F2B789}.Ad-Hoc|x86.Deploy.0 = Release|Any CPU
		{B6A204F0-6722-48BB-B046-113282F2B789}.AppStore|Any CPU.ActiveCfg = Release|Any CPU
		{B6A204F0-6722-48BB-B046-113282F2B789}.AppStore|Any CPU.Build.0 = Release|Any CPU
		{B6A204F0-6722-48BB-B046-113282F2B789}.AppStore|Any CPU.Deploy.0 = Release|Any CPU
		{B6A204F0-6722-48BB-B046-113282F2B789}.AppStore|ARM.ActiveCfg = Release|Any CPU
		{B6A204F0-6722-48BB-B046-113282F2B789}.AppStore|ARM.Build.0 = Release|Any CPU
		{B6A204F0-6722-48BB-B046-113282F2B789}.AppStore|ARM.Deploy.0 = Release|Any CPU
		{B6A204F0-6722-48BB-B046-113282F2B789}.AppStore|iPhone.ActiveCfg = Release|Any CPU
		{B6A204F0-6722-48BB-B046-113282F2B789}.AppStore|iPhone.Build.0 = Release|Any CPU
		{B6A204F0-6722-48BB-B046-113282F2B789}.AppStore|iPhone.Deploy.0 = Release|Any CPU
		{B6A204F0-6722-48BB-B046-113282F2B789}.AppStore|iPhoneSimulator.ActiveCfg = Release|Any CPU
		{B6A204F0-6722-48BB-B046-113282F2B789}.AppStore|iPhoneSimulator.Build.0 = Release|Any CPU
		{B6A204F0-6722-48BB-B046-113282F2B789}.AppStore|iPhoneSimulator.Deploy.0 = Release|Any CPU
		{B6A204F0-6722-48BB-B046-113282F2B789}.AppStore|x64.ActiveCfg = Release|Any CPU
		{B6A204F0-6722-48BB-B046-113282F2B789}.AppStore|x64.Build.0 = Release|Any CPU
		{B6A204F0-6722-48BB-B046-113282F2B789}.AppStore|x64.Deploy.0 = Release|Any CPU
		{B6A204F0-6722-48BB-B046-113282F2B789}.AppStore|x86.ActiveCfg = Release|Any CPU
		{B6A204F0-6722-48BB-B046-113282F2B789}.AppStore|x86.Build.0 = Release|Any CPU
		{B6A204F0-6722-48BB-B046-113282F2B789}.AppStore|x86.Deploy.0 = Release|Any CPU
		{B6A204F0-6722-48BB-B046-113282F2B789}.Debug|Any CPU.ActiveCfg = Debug|Any CPU
		{B6A204F0-6722-48BB-B046-113282F2B789}.Debug|Any CPU.Build.0 = Debug|Any CPU
		{B6A204F0-6722-48BB-B046-113282F2B789}.Debug|Any CPU.Deploy.0 = Debug|Any CPU
		{B6A204F0-6722-48BB-B046-113282F2B789}.Debug|ARM.ActiveCfg = Debug|Any CPU
		{B6A204F0-6722-48BB-B046-113282F2B789}.Debug|ARM.Build.0 = Debug|Any CPU
		{B6A204F0-6722-48BB-B046-113282F2B789}.Debug|ARM.Deploy.0 = Debug|Any CPU
		{B6A204F0-6722-48BB-B046-113282F2B789}.Debug|iPhone.ActiveCfg = Debug|Any CPU
		{B6A204F0-6722-48BB-B046-113282F2B789}.Debug|iPhone.Build.0 = Debug|Any CPU
		{B6A204F0-6722-48BB-B046-113282F2B789}.Debug|iPhone.Deploy.0 = Debug|Any CPU
		{B6A204F0-6722-48BB-B046-113282F2B789}.Debug|iPhoneSimulator.ActiveCfg = Debug|Any CPU
		{B6A204F0-6722-48BB-B046-113282F2B789}.Debug|iPhoneSimulator.Build.0 = Debug|Any CPU
		{B6A204F0-6722-48BB-B046-113282F2B789}.Debug|iPhoneSimulator.Deploy.0 = Debug|Any CPU
		{B6A204F0-6722-48BB-B046-113282F2B789}.Debug|x64.ActiveCfg = Debug|Any CPU
		{B6A204F0-6722-48BB-B046-113282F2B789}.Debug|x64.Build.0 = Debug|Any CPU
		{B6A204F0-6722-48BB-B046-113282F2B789}.Debug|x64.Deploy.0 = Debug|Any CPU
		{B6A204F0-6722-48BB-B046-113282F2B789}.Debug|x86.ActiveCfg = Debug|Any CPU
		{B6A204F0-6722-48BB-B046-113282F2B789}.Debug|x86.Build.0 = Debug|Any CPU
		{B6A204F0-6722-48BB-B046-113282F2B789}.Debug|x86.Deploy.0 = Debug|Any CPU
		{B6A204F0-6722-48BB-B046-113282F2B789}.Release|Any CPU.ActiveCfg = Release|Any CPU
		{B6A204F0-6722-48BB-B046-113282F2B789}.Release|Any CPU.Build.0 = Release|Any CPU
		{B6A204F0-6722-48BB-B046-113282F2B789}.Release|Any CPU.Deploy.0 = Release|Any CPU
		{B6A204F0-6722-48BB-B046-113282F2B789}.Release|ARM.ActiveCfg = Release|Any CPU
		{B6A204F0-6722-48BB-B046-113282F2B789}.Release|ARM.Build.0 = Release|Any CPU
		{B6A204F0-6722-48BB-B046-113282F2B789}.Release|ARM.Deploy.0 = Release|Any CPU
		{B6A204F0-6722-48BB-B046-113282F2B789}.Release|iPhone.ActiveCfg = Release|Any CPU
		{B6A204F0-6722-48BB-B046-113282F2B789}.Release|iPhone.Build.0 = Release|Any CPU
		{B6A204F0-6722-48BB-B046-113282F2B789}.Release|iPhone.Deploy.0 = Release|Any CPU
		{B6A204F0-6722-48BB-B046-113282F2B789}.Release|iPhoneSimulator.ActiveCfg = Release|Any CPU
		{B6A204F0-6722-48BB-B046-113282F2B789}.Release|iPhoneSimulator.Build.0 = Release|Any CPU
		{B6A204F0-6722-48BB-B046-113282F2B789}.Release|iPhoneSimulator.Deploy.0 = Release|Any CPU
		{B6A204F0-6722-48BB-B046-113282F2B789}.Release|x64.ActiveCfg = Release|Any CPU
		{B6A204F0-6722-48BB-B046-113282F2B789}.Release|x64.Build.0 = Release|Any CPU
		{B6A204F0-6722-48BB-B046-113282F2B789}.Release|x64.Deploy.0 = Release|Any CPU
		{B6A204F0-6722-48BB-B046-113282F2B789}.Release|x86.ActiveCfg = Release|Any CPU
		{B6A204F0-6722-48BB-B046-113282F2B789}.Release|x86.Build.0 = Release|Any CPU
		{B6A204F0-6722-48BB-B046-113282F2B789}.Release|x86.Deploy.0 = Release|Any CPU
		{58C10565-6738-4801-B4EB-7109452A48E7}.Ad-Hoc|Any CPU.ActiveCfg = Ad-Hoc|iPhone
		{58C10565-6738-4801-B4EB-7109452A48E7}.Ad-Hoc|ARM.ActiveCfg = Ad-Hoc|iPhone
		{58C10565-6738-4801-B4EB-7109452A48E7}.Ad-Hoc|iPhone.ActiveCfg = Ad-Hoc|iPhone
		{58C10565-6738-4801-B4EB-7109452A48E7}.Ad-Hoc|iPhone.Build.0 = Ad-Hoc|iPhone
		{58C10565-6738-4801-B4EB-7109452A48E7}.Ad-Hoc|iPhoneSimulator.ActiveCfg = Ad-Hoc|iPhoneSimulator
		{58C10565-6738-4801-B4EB-7109452A48E7}.Ad-Hoc|iPhoneSimulator.Build.0 = Ad-Hoc|iPhoneSimulator
		{58C10565-6738-4801-B4EB-7109452A48E7}.Ad-Hoc|x64.ActiveCfg = Ad-Hoc|iPhone
		{58C10565-6738-4801-B4EB-7109452A48E7}.Ad-Hoc|x86.ActiveCfg = Ad-Hoc|iPhone
		{58C10565-6738-4801-B4EB-7109452A48E7}.AppStore|Any CPU.ActiveCfg = AppStore|iPhone
		{58C10565-6738-4801-B4EB-7109452A48E7}.AppStore|ARM.ActiveCfg = AppStore|iPhone
		{58C10565-6738-4801-B4EB-7109452A48E7}.AppStore|iPhone.ActiveCfg = AppStore|iPhone
		{58C10565-6738-4801-B4EB-7109452A48E7}.AppStore|iPhone.Build.0 = AppStore|iPhone
		{58C10565-6738-4801-B4EB-7109452A48E7}.AppStore|iPhoneSimulator.ActiveCfg = AppStore|iPhoneSimulator
		{58C10565-6738-4801-B4EB-7109452A48E7}.AppStore|iPhoneSimulator.Build.0 = AppStore|iPhoneSimulator
		{58C10565-6738-4801-B4EB-7109452A48E7}.AppStore|x64.ActiveCfg = AppStore|iPhone
		{58C10565-6738-4801-B4EB-7109452A48E7}.AppStore|x86.ActiveCfg = AppStore|iPhone
		{58C10565-6738-4801-B4EB-7109452A48E7}.Debug|Any CPU.ActiveCfg = Debug|iPhone
		{58C10565-6738-4801-B4EB-7109452A48E7}.Debug|ARM.ActiveCfg = Debug|iPhone
		{58C10565-6738-4801-B4EB-7109452A48E7}.Debug|iPhone.ActiveCfg = Debug|iPhone
		{58C10565-6738-4801-B4EB-7109452A48E7}.Debug|iPhone.Build.0 = Debug|iPhone
		{58C10565-6738-4801-B4EB-7109452A48E7}.Debug|iPhoneSimulator.ActiveCfg = Debug|iPhoneSimulator
		{58C10565-6738-4801-B4EB-7109452A48E7}.Debug|iPhoneSimulator.Build.0 = Debug|iPhoneSimulator
		{58C10565-6738-4801-B4EB-7109452A48E7}.Debug|x64.ActiveCfg = Debug|iPhone
		{58C10565-6738-4801-B4EB-7109452A48E7}.Debug|x86.ActiveCfg = Debug|iPhone
		{58C10565-6738-4801-B4EB-7109452A48E7}.Release|Any CPU.ActiveCfg = Release|iPhone
		{58C10565-6738-4801-B4EB-7109452A48E7}.Release|ARM.ActiveCfg = Release|iPhone
		{58C10565-6738-4801-B4EB-7109452A48E7}.Release|iPhone.ActiveCfg = Release|iPhone
		{58C10565-6738-4801-B4EB-7109452A48E7}.Release|iPhone.Build.0 = Release|iPhone
		{58C10565-6738-4801-B4EB-7109452A48E7}.Release|iPhoneSimulator.ActiveCfg = Release|iPhoneSimulator
		{58C10565-6738-4801-B4EB-7109452A48E7}.Release|iPhoneSimulator.Build.0 = Release|iPhoneSimulator
		{58C10565-6738-4801-B4EB-7109452A48E7}.Release|x64.ActiveCfg = Release|iPhone
		{58C10565-6738-4801-B4EB-7109452A48E7}.Release|x86.ActiveCfg = Release|iPhone
		{C223D118-628D-4A3D-B5B9-008238F7BED8}.Ad-Hoc|Any CPU.ActiveCfg = Release|x86
		{C223D118-628D-4A3D-B5B9-008238F7BED8}.Ad-Hoc|Any CPU.Build.0 = Release|x86
		{C223D118-628D-4A3D-B5B9-008238F7BED8}.Ad-Hoc|Any CPU.Deploy.0 = Release|x86
		{C223D118-628D-4A3D-B5B9-008238F7BED8}.Ad-Hoc|ARM.ActiveCfg = Release|ARM
		{C223D118-628D-4A3D-B5B9-008238F7BED8}.Ad-Hoc|ARM.Build.0 = Release|ARM
		{C223D118-628D-4A3D-B5B9-008238F7BED8}.Ad-Hoc|ARM.Deploy.0 = Release|ARM
		{C223D118-628D-4A3D-B5B9-008238F7BED8}.Ad-Hoc|iPhone.ActiveCfg = Release|x86
		{C223D118-628D-4A3D-B5B9-008238F7BED8}.Ad-Hoc|iPhone.Build.0 = Release|x86
		{C223D118-628D-4A3D-B5B9-008238F7BED8}.Ad-Hoc|iPhone.Deploy.0 = Release|x86
		{C223D118-628D-4A3D-B5B9-008238F7BED8}.Ad-Hoc|iPhoneSimulator.ActiveCfg = Release|x86
		{C223D118-628D-4A3D-B5B9-008238F7BED8}.Ad-Hoc|iPhoneSimulator.Build.0 = Release|x86
		{C223D118-628D-4A3D-B5B9-008238F7BED8}.Ad-Hoc|iPhoneSimulator.Deploy.0 = Release|x86
		{C223D118-628D-4A3D-B5B9-008238F7BED8}.Ad-Hoc|x64.ActiveCfg = Release|x64
		{C223D118-628D-4A3D-B5B9-008238F7BED8}.Ad-Hoc|x64.Build.0 = Release|x64
		{C223D118-628D-4A3D-B5B9-008238F7BED8}.Ad-Hoc|x64.Deploy.0 = Release|x64
		{C223D118-628D-4A3D-B5B9-008238F7BED8}.Ad-Hoc|x86.ActiveCfg = Release|x86
		{C223D118-628D-4A3D-B5B9-008238F7BED8}.Ad-Hoc|x86.Build.0 = Release|x86
		{C223D118-628D-4A3D-B5B9-008238F7BED8}.Ad-Hoc|x86.Deploy.0 = Release|x86
		{C223D118-628D-4A3D-B5B9-008238F7BED8}.AppStore|Any CPU.ActiveCfg = Release|x86
		{C223D118-628D-4A3D-B5B9-008238F7BED8}.AppStore|Any CPU.Build.0 = Release|x86
		{C223D118-628D-4A3D-B5B9-008238F7BED8}.AppStore|Any CPU.Deploy.0 = Release|x86
		{C223D118-628D-4A3D-B5B9-008238F7BED8}.AppStore|ARM.ActiveCfg = Release|ARM
		{C223D118-628D-4A3D-B5B9-008238F7BED8}.AppStore|ARM.Build.0 = Release|ARM
		{C223D118-628D-4A3D-B5B9-008238F7BED8}.AppStore|ARM.Deploy.0 = Release|ARM
		{C223D118-628D-4A3D-B5B9-008238F7BED8}.AppStore|iPhone.ActiveCfg = Release|x86
		{C223D118-628D-4A3D-B5B9-008238F7BED8}.AppStore|iPhone.Build.0 = Release|x86
		{C223D118-628D-4A3D-B5B9-008238F7BED8}.AppStore|iPhone.Deploy.0 = Release|x86
		{C223D118-628D-4A3D-B5B9-008238F7BED8}.AppStore|iPhoneSimulator.ActiveCfg = Release|x86
		{C223D118-628D-4A3D-B5B9-008238F7BED8}.AppStore|iPhoneSimulator.Build.0 = Release|x86
		{C223D118-628D-4A3D-B5B9-008238F7BED8}.AppStore|iPhoneSimulator.Deploy.0 = Release|x86
		{C223D118-628D-4A3D-B5B9-008238F7BED8}.AppStore|x64.ActiveCfg = Release|x64
		{C223D118-628D-4A3D-B5B9-008238F7BED8}.AppStore|x64.Build.0 = Release|x64
		{C223D118-628D-4A3D-B5B9-008238F7BED8}.AppStore|x64.Deploy.0 = Release|x64
		{C223D118-628D-4A3D-B5B9-008238F7BED8}.AppStore|x86.ActiveCfg = Release|x86
		{C223D118-628D-4A3D-B5B9-008238F7BED8}.AppStore|x86.Build.0 = Release|x86
		{C223D118-628D-4A3D-B5B9-008238F7BED8}.AppStore|x86.Deploy.0 = Release|x86
		{C223D118-628D-4A3D-B5B9-008238F7BED8}.Debug|Any CPU.ActiveCfg = Debug|x86
		{C223D118-628D-4A3D-B5B9-008238F7BED8}.Debug|ARM.ActiveCfg = Debug|ARM
		{C223D118-628D-4A3D-B5B9-008238F7BED8}.Debug|ARM.Build.0 = Debug|ARM
		{C223D118-628D-4A3D-B5B9-008238F7BED8}.Debug|ARM.Deploy.0 = Debug|ARM
		{C223D118-628D-4A3D-B5B9-008238F7BED8}.Debug|iPhone.ActiveCfg = Debug|x86
		{C223D118-628D-4A3D-B5B9-008238F7BED8}.Debug|iPhoneSimulator.ActiveCfg = Debug|x86
		{C223D118-628D-4A3D-B5B9-008238F7BED8}.Debug|x64.ActiveCfg = Debug|x64
		{C223D118-628D-4A3D-B5B9-008238F7BED8}.Debug|x64.Build.0 = Debug|x64
		{C223D118-628D-4A3D-B5B9-008238F7BED8}.Debug|x64.Deploy.0 = Debug|x64
		{C223D118-628D-4A3D-B5B9-008238F7BED8}.Debug|x86.ActiveCfg = Debug|x86
		{C223D118-628D-4A3D-B5B9-008238F7BED8}.Debug|x86.Build.0 = Debug|x86
		{C223D118-628D-4A3D-B5B9-008238F7BED8}.Debug|x86.Deploy.0 = Debug|x86
		{C223D118-628D-4A3D-B5B9-008238F7BED8}.Release|Any CPU.ActiveCfg = Release|x86
		{C223D118-628D-4A3D-B5B9-008238F7BED8}.Release|ARM.ActiveCfg = Release|ARM
		{C223D118-628D-4A3D-B5B9-008238F7BED8}.Release|ARM.Build.0 = Release|ARM
		{C223D118-628D-4A3D-B5B9-008238F7BED8}.Release|ARM.Deploy.0 = Release|ARM
		{C223D118-628D-4A3D-B5B9-008238F7BED8}.Release|iPhone.ActiveCfg = Release|x86
		{C223D118-628D-4A3D-B5B9-008238F7BED8}.Release|iPhoneSimulator.ActiveCfg = Release|x86
		{C223D118-628D-4A3D-B5B9-008238F7BED8}.Release|x64.ActiveCfg = Release|x64
		{C223D118-628D-4A3D-B5B9-008238F7BED8}.Release|x64.Build.0 = Release|x64
		{C223D118-628D-4A3D-B5B9-008238F7BED8}.Release|x64.Deploy.0 = Release|x64
		{C223D118-628D-4A3D-B5B9-008238F7BED8}.Release|x86.ActiveCfg = Release|x86
		{C223D118-628D-4A3D-B5B9-008238F7BED8}.Release|x86.Build.0 = Release|x86
		{C223D118-628D-4A3D-B5B9-008238F7BED8}.Release|x86.Deploy.0 = Release|x86
	EndGlobalSection
	GlobalSection(SolutionProperties) = preSolution
		HideSolutionNode = FALSE
	EndGlobalSection
EndGlobal
